
Microsoft Visual Studio Solution File, Format Version 12.00
# Visual Studio 15
VisualStudioVersion = 15.0.27004.2009
MinimumVisualStudioVersion = 10.0.40219.1
Project("{FAE04EC0-301F-11D3-BF4B-00C04F79EFBC}") = "DICOM_TRANSFORMER", "DICOM_TRANSFORMER\DICOM_TRANSFORMER.csproj", "{61EBB601-547E-4B39-B4DA-2030472F4E54}"
EndProject
Global
	GlobalSection(SolutionConfigurationPlatforms) = preSolution
		Debug|Any CPU = Debug|Any CPU
		Release|Any CPU = Release|Any CPU
	EndGlobalSection
	GlobalSection(ProjectConfigurationPlatforms) = postSolution
		{61EBB601-547E-4B39-B4DA-2030472F4E54}.Debug|Any CPU.ActiveCfg = Debug|Any CPU
		{61EBB601-547E-4B39-B4DA-2030472F4E54}.Debug|Any CPU.Build.0 = Debug|Any CPU
		{61EBB601-547E-4B39-B4DA-2030472F4E54}.Release|Any CPU.ActiveCfg = Release|Any CPU
		{61EBB601-547E-4B39-B4DA-2030472F4E54}.Release|Any CPU.Build.0 = Release|Any CPU
	EndGlobalSection
	GlobalSection(SolutionProperties) = preSolution
		HideSolutionNode = FALSE
	EndGlobalSection
	GlobalSection(ExtensibilityGlobals) = postSolution
		SolutionGuid = {F9D10B46-1B96-46A6-9C12-DE05EAE2D566}
	EndGlobalSection
EndGlobal
